{
  "name": "secure-login-system",
  "version": "1.0.0",
  "lockfileVersion": 3,
  "requires": true,
  "packages": {
    "": {
      "name": "secure-login-system",
      "version": "1.0.0",
      "dependencies": {
        "argon2": "^0.41.1",
        "better-sqlite3": "^13.0.3",
        "connect-sqlite3": "^0.9.15",
        "dotenv": "^16.4.7",
        "express": "^4.21.2",
        "express-rate-limit": "^7.5.0",
        "express-session": "^1.18.1",
        "express-validator": "^7.2.1",
        "helmet": "^8.0.0",
        "qrcode": "^1.5.4",
        "speakeasy": "^2.0.0"
      }
    },
    "node_modules/argon2": {
      "version": "0.41.1",
      "resolved": "https://registry.npmjs.org/argon2/-/argon2-0.41.1.tgz",
      "integrity": "sha512-dqCW8kJXke8Ik+McUcMDltrbuAWETPyU6iq+4AhxqKphWi7pChB/Zgd/Tp/o8xRLbg8ksMj46F/vph9wnxpTzQ==",
      "hasInstallScript": true,
      "license": "MIT",
      "dependencies": {
        "@phc/format": "^1.0.0",
        "node-addon-api": "^8.1.0",
        "node-gyp-build": "^4.8.1"
      },
      "engines": {
        "node": ">=16.17.0"
      }
    },
    "node_modules/better-sqlite3": {
      "version": "13.0.3",
      "resolved": "https://registry.npmjs.org/better-sqlite3/-/better-sqlite3-13.0.3.tgz",
      "integrity": "sha512-RbOBxmLBG8uvFUc15X9+9SFemKcQ0WBuISBVkpuiaUB2qblC8UWlHEjdWVoZ8AdhSwmoEgsiXKfopX0CQxaACQ==",
      "license": "MIT",
      "dependencies": {
        "node-addon-api": "^8.0.0"
      },
      "engines": {
        "node": ">=22"
      }
    },
    "node_modules/connect-sqlite3": {
      "version": "0.9.18",
      "resolved": "https://registry.npmjs.org/connect-sqlite3/-/connect-sqlite3-0.9.18.tgz",
      "integrity": "sha512-ovQ179bGC6ubrEi/Lk77FmZAyaTDqNLCOsJF9FFAjxmIF7NKomWoKP50f3HVffvO3BGgcihE9kDow9TyhDywiA==",
      "engines": {
        "node": ">=0.4.x"
      },
      "optionalDependencies": {
        "sqlite3": "^5.0.0"
      },
      "peerDependencies": {
        "express-session": "^1.0.0"
      }
    },
    "node_modules/dotenv": {
      "version": "16.6.1",
      "resolved": "https://registry.npmjs.org/dotenv/-/dotenv-16.6.1.tgz",
      "integrity": "sha512-uBq4egWHTcTt33a72vpSG0z3HnPuIl6NqYcTrKEg2azoEyl2hpW0zqlxysq2pK9HlDIHyHyakeYaYnSAwd8bow==",
      "license": "BSD-2-Clause",
      "engines": {
        "node": ">=12"
      },
      "funding": {
        "url": "https://dotenvx.com"
      }
    },
    "node_modules/express": {
      "version": "4.22.2",
      "resolved": "https://registry.npmjs.org/express/-/express-4.22.2.tgz",
      "integrity": "sha512-IuL+Elrou2ZvCFHs18/CIzy2Nzvo25nZ1/D2eIZlz7c+QUayAcYoiM2BthCjs+EBHVpjYjcuLDAiCWgeIX3X1Q==",
      "license": "MIT",
      "peer": true,
      "engines": {
        "node": ">= 0.10.0"
      }
    },
    "node_modules/express-rate-limit": {
      "version": "7.5.1",
      "resolved": "https://registry.npmjs.org/express-rate-limit/-/express-rate-limit-7.5.1.tgz",
      "integrity": "sha512-7iN8iPMDzOMHPUYllBEsQdWVB6fPDMPqwjBaFrgr4Jgr/+okjvzAy+UHlYYL/Vs0OsOrMkwS6PJDkFlJwoxUnw==",
      "license": "MIT",
      "engines": {
        "node": ">= 16"
      },
      "peerDependencies": {
        "express": ">= 4.11"
      }
    },
    "node_modules/express-session": {
      "version": "1.19.0",
      "resolved": "https://registry.npmjs.org/express-session/-/express-session-1.19.0.tgz",
      "integrity": "sha512-0csaMkGq+vaiZTmSMMGkfdCOabYv192VbytFypcvI0MANrp+4i/7yEkJ0sbAEhycQjntaKGzYfjfXQyVb7BHMA==",
      "license": "MIT",
      "peer": true,
      "engines": {
        "node": ">= 0.8.0"
      }
    },
    "node_modules/express-validator": {
      "version": "7.3.2",
      "resolved": "https://registry.npmjs.org/express-validator/-/express-validator-7.3.2.tgz",
      "integrity": "sha512-ctLw1Vl6dXVH62dIQMDdTAQkrh480mkFuG6/SGXOaVlwPNukhRAe7EgJIMJ2TSAni8iwHBRp530zAZE5ZPF2IA==",
      "license": "MIT",
      "dependencies": {
        "lodash": "^4.18.1",
        "validator": "~13.15.23"
      },
      "engines": {
        "node": ">= 8.0.0"
      }
    },
    "node_modules/helmet": {
      "version": "8.3.0",
      "resolved": "https://registry.npmjs.org/helmet/-/helmet-8.3.0.tgz",
      "integrity": "sha512-Qgpiaws3Sm30Av8Eah6sjMCZZwjlBu+E68rhpCWBshY1lb09HtLwj5GviX0OyQIn+ulUS0iX0AxN5n3tLZzz1w==",
      "license": "MIT",
      "engines": {
        "node": ">=18.0.0"
      }
    },
    "node_modules/lodash": {
      "version": "4.18.1",
      "resolved": "https://registry.npmjs.org/lodash/-/lodash-4.18.1.tgz",
      "integrity": "sha512-dMInicTPVE8d1e5otfwmmjlxkZoUpiVLwyeTdUsi/Caj/gfzzblBcCE5sRHV/AsjuCmxWrte2TNGSYuCeCq+0Q==",
      "license": "MIT"
    },
    "node_modules/node-addon-api": {
      "version": "8.9.1",
      "resolved": "https://registry.npmjs.org/node-addon-api/-/node-addon-api-8.9.1.tgz",
      "integrity": "sha512-4eUQWVPCUUUiBjLnHS3cXWeC6ryoPUc0U3rP7IuzapoGbzMqd/r6KKO0clr0b+snQhsrueFEhCZDdK+LK7hxKg==",
      "license": "MIT",
      "engines": {
        "node": "^18 || ^20 || >= 21"
      }
    },
    "node_modules/node-gyp-build": {
      "version": "4.8.4",
      "resolved": "https://registry.npmjs.org/node-gyp-build/-/node-gyp-build-4.8.4.tgz",
      "integrity": "sha512-LA4ZjwlnUblHVgq0oBF3Jl/6h/Nvs5fzBLwdEF4nuxnFdsfajde4WfxtJr3CaiH+F6ewcIB/q4jQ4UzPyid+CQ==",
      "license": "MIT"
    },
    "node_modules/qrcode": {
      "version": "1.5.4",
      "resolved": "https://registry.npmjs.org/qrcode/-/qrcode-1.5.4.tgz",
      "integrity": "sha512-1ca71Zgiu6ORjHqFBDpnSMTR2ReToX4l1Au1VFLyVeBTFavzQnv5JxMFr3ukHVKpSrSA2MCk0lNJSykjUfz7Zg==",
      "license": "MIT",
      "dependencies": {
        "dijkstrajs": "^1.0.1",
        "pngjs": "^5.0.0",
        "yargs": "^15.3.1"
      },
      "bin": {
        "qrcode": "bin/qrcode"
      },
      "engines": {
        "node": ">=10.13.0"
      }
    },
    "node_modules/speakeasy": {
      "version": "2.0.0",
      "resolved": "https://registry.npmjs.org/speakeasy/-/speakeasy-2.0.0.tgz",
      "integrity": "sha512-lW2A2s5LKi8rwu77ewisuUOtlCydF/hmQSOJjpTqTj1gZLkNgTaYnyvfxy2WBr4T/h+9c4g8HIITfj83OkFQFw==",
      "license": "MIT",
      "dependencies": {
        "base32.js": "0.0.1"
      },
      "engines": {
        "node": ">= 0.10.0"
      }
    },
    "node_modules/validator": {
      "version": "13.15.35",
      "resolved": "https://registry.npmjs.org/validator/-/validator-13.15.35.tgz",
      "integrity": "sha512-TQ5pAGhd5whStmqWvYF4OjQROlmv9SMFVt37qoCBdqRffuuklWYQlCNnEs2ZaIBK4dCDhUNO8kaCBIamHsjr2na==",
      "license": "MIT",
      "engines": {
        "node": ">= 0.10"
      }
    }
  }
}
